{
  "pins" : [
    {
      "identity" : "braze-swift-sdk",
      "kind" : "remoteSourceControl",
      "location" : "https://github.com/braze-inc/braze-swift-sdk",
      "state" : {
        "revision" : "15920bdd0fe06c1f86061a85cf9898da17887d26",
        "version" : "5.10.1"
      }
    },
    {
      "identity" : "sdwebimage",
      "kind" : "remoteSourceControl",
      "location" : "https://github.com/SDWebImage/SDWebImage.git",
      "state" : {
        "revision" : "a812079ae91a7f2e627364c42ea7b98abfa366ed",
        "version" : "5.15.4"
      }
    }
  ],
  "version" : 2
}
